// !$*UTF8*$!
{
	archiveVersion = 1;
	classes = {
	};
	objectVersion = 56;
	objects = {

/* Begin PBXBuildFile section */
		D295E4B529A5E2F400E12CAF /* UserInfoModifyViewController.swift in Sources */ = {isa = PBXBuildFile; fileRef = D295E4B429A5E2F400E12CAF /* UserInfoModifyViewController.swift */; };
		D295E4B729A5E31400E12CAF /* UserInfoModifyViewModel.swift in Sources */ = {isa = PBXBuildFile; fileRef = D295E4B629A5E31400E12CAF /* UserInfoModifyViewModel.swift */; };
		D295E4B929A5F64200E12CAF /* FormSheetViewController.swift in Sources */ = {isa = PBXBuildFile; fileRef = D295E4B829A5F64200E12CAF /* FormSheetViewController.swift */; };
		D2A282B629A85EBC002CCF5A /* Gift.swift in Sources */ = {isa = PBXBuildFile; fileRef = D2A282B529A85EBC002CCF5A /* Gift.swift */; };
		D2A282B829A85EF2002CCF5A /* Observable.swift in Sources */ = {isa = PBXBuildFile; fileRef = D2A282B729A85EF2002CCF5A /* Observable.swift */; };
		D2A282C029A8702B002CCF5A /* MainViewModelTests.swift in Sources */ = {isa = PBXBuildFile; fileRef = D2A282BF29A8702B002CCF5A /* MainViewModelTests.swift */; };
		D2D6B74F29A3DEC900E6188C /* MainViewController.swift in Sources */ = {isa = PBXBuildFile; fileRef = D2D6B74E29A3DEC900E6188C /* MainViewController.swift */; };
		D2D6B75129A3DEE900E6188C /* MainViewModel.swift in Sources */ = {isa = PBXBuildFile; fileRef = D2D6B75029A3DEE900E6188C /* MainViewModel.swift */; };
		D2DAAA1C29A44B1600D70E8C /* MainCollectionViewCell.swift in Sources */ = {isa = PBXBuildFile; fileRef = D2DAAA1B29A44B1600D70E8C /* MainCollectionViewCell.swift */; };
		D2DAAA2029A44B9200D70E8C /* ReusableView.swift in Sources */ = {isa = PBXBuildFile; fileRef = D2DAAA1F29A44B9200D70E8C /* ReusableView.swift */; };
		D2DAAA2329A4720300D70E8C /* Ext+DateFormatter.swift in Sources */ = {isa = PBXBuildFile; fileRef = D2DAAA2229A4720300D70E8C /* Ext+DateFormatter.swift */; };
		D2DAAA2529A47CD500D70E8C /* CustomCollectionView.swift in Sources */ = {isa = PBXBuildFile; fileRef = D2DAAA2429A47CD500D70E8C /* CustomCollectionView.swift */; };
		F6A4AB4A29A5DA1C009AEB78 /* GiftImageViewController.swift in Sources */ = {isa = PBXBuildFile; fileRef = F6A4AB4829A5DA1C009AEB78 /* GiftImageViewController.swift */; };
		F6A4AB4B29A5DA1C009AEB78 /* DetailViewController.swift in Sources */ = {isa = PBXBuildFile; fileRef = F6A4AB4929A5DA1C009AEB78 /* DetailViewController.swift */; };
		FC074C0129A8D5B5006AD199 /* CoreDataManager.swift in Sources */ = {isa = PBXBuildFile; fileRef = FC074C0029A8D5B5006AD199 /* CoreDataManager.swift */; };
		FC074C0529A90361006AD199 /* GiftData+CoreDataClass.swift in Sources */ = {isa = PBXBuildFile; fileRef = FC074C0329A90361006AD199 /* GiftData+CoreDataClass.swift */; };
		FC074C0629A90361006AD199 /* GiftData+CoreDataProperties.swift in Sources */ = {isa = PBXBuildFile; fileRef = FC074C0429A90361006AD199 /* GiftData+CoreDataProperties.swift */; };
		FC1E747229A207DA0010A4BA /* AppDelegate.swift in Sources */ = {isa = PBXBuildFile; fileRef = FC1E747129A207DA0010A4BA /* AppDelegate.swift */; };
		FC1E747429A207DA0010A4BA /* SceneDelegate.swift in Sources */ = {isa = PBXBuildFile; fileRef = FC1E747329A207DA0010A4BA /* SceneDelegate.swift */; };
		FC1E747C29A207DA0010A4BA /* GiftWallet.xcdatamodeld in Sources */ = {isa = PBXBuildFile; fileRef = FC1E747A29A207DA0010A4BA /* GiftWallet.xcdatamodeld */; };
		FC1E747E29A207DC0010A4BA /* Assets.xcassets in Resources */ = {isa = PBXBuildFile; fileRef = FC1E747D29A207DC0010A4BA /* Assets.xcassets */; };
		FC1E748129A207DC0010A4BA /* LaunchScreen.storyboard in Resources */ = {isa = PBXBuildFile; fileRef = FC1E747F29A207DC0010A4BA /* LaunchScreen.storyboard */; };
		FC62FF1029A77B5A003E63B0 /* MainTabBarController.swift in Sources */ = {isa = PBXBuildFile; fileRef = FC62FF0F29A77B5A003E63B0 /* MainTabBarController.swift */; };
/* End PBXBuildFile section */

/* Begin PBXContainerItemProxy section */
		D2A282C129A8702B002CCF5A /* PBXContainerItemProxy */ = {
			isa = PBXContainerItemProxy;
			containerPortal = FC1E746629A207DA0010A4BA /* Project object */;
			proxyType = 1;
			remoteGlobalIDString = FC1E746D29A207DA0010A4BA;
			remoteInfo = GiftWallet;
		};
/* End PBXContainerItemProxy section */

/* Begin PBXFileReference section */
		D295E4B429A5E2F400E12CAF /* UserInfoModifyViewController.swift */ = {isa = PBXFileReference; lastKnownFileType = sourcecode.swift; path = UserInfoModifyViewController.swift; sourceTree = "<group>"; };
		D295E4B629A5E31400E12CAF /* UserInfoModifyViewModel.swift */ = {isa = PBXFileReference; lastKnownFileType = sourcecode.swift; path = UserInfoModifyViewModel.swift; sourceTree = "<group>"; };
		D295E4B829A5F64200E12CAF /* FormSheetViewController.swift */ = {isa = PBXFileReference; lastKnownFileType = sourcecode.swift; path = FormSheetViewController.swift; sourceTree = "<group>"; };
		D2A282B529A85EBC002CCF5A /* Gift.swift */ = {isa = PBXFileReference; lastKnownFileType = sourcecode.swift; path = Gift.swift; sourceTree = "<group>"; };
		D2A282B729A85EF2002CCF5A /* Observable.swift */ = {isa = PBXFileReference; lastKnownFileType = sourcecode.swift; path = Observable.swift; sourceTree = "<group>"; };
		D2A282BD29A8702B002CCF5A /* MainViewModelTests.xctest */ = {isa = PBXFileReference; explicitFileType = wrapper.cfbundle; includeInIndex = 0; path = MainViewModelTests.xctest; sourceTree = BUILT_PRODUCTS_DIR; };
		D2A282BF29A8702B002CCF5A /* MainViewModelTests.swift */ = {isa = PBXFileReference; lastKnownFileType = sourcecode.swift; path = MainViewModelTests.swift; sourceTree = "<group>"; };
		D2D6B74E29A3DEC900E6188C /* MainViewController.swift */ = {isa = PBXFileReference; lastKnownFileType = sourcecode.swift; path = MainViewController.swift; sourceTree = "<group>"; };
		D2D6B75029A3DEE900E6188C /* MainViewModel.swift */ = {isa = PBXFileReference; lastKnownFileType = sourcecode.swift; path = MainViewModel.swift; sourceTree = "<group>"; };
		D2DAAA1B29A44B1600D70E8C /* MainCollectionViewCell.swift */ = {isa = PBXFileReference; lastKnownFileType = sourcecode.swift; path = MainCollectionViewCell.swift; sourceTree = "<group>"; };
		D2DAAA1F29A44B9200D70E8C /* ReusableView.swift */ = {isa = PBXFileReference; lastKnownFileType = sourcecode.swift; path = ReusableView.swift; sourceTree = "<group>"; };
		D2DAAA2229A4720300D70E8C /* Ext+DateFormatter.swift */ = {isa = PBXFileReference; lastKnownFileType = sourcecode.swift; path = "Ext+DateFormatter.swift"; sourceTree = "<group>"; };
		D2DAAA2429A47CD500D70E8C /* CustomCollectionView.swift */ = {isa = PBXFileReference; lastKnownFileType = sourcecode.swift; path = CustomCollectionView.swift; sourceTree = "<group>"; };
		F6A4AB4829A5DA1C009AEB78 /* GiftImageViewController.swift */ = {isa = PBXFileReference; fileEncoding = 4; lastKnownFileType = sourcecode.swift; path = GiftImageViewController.swift; sourceTree = "<group>"; };
		F6A4AB4929A5DA1C009AEB78 /* DetailViewController.swift */ = {isa = PBXFileReference; fileEncoding = 4; lastKnownFileType = sourcecode.swift; path = DetailViewController.swift; sourceTree = "<group>"; };
		FC074C0029A8D5B5006AD199 /* CoreDataManager.swift */ = {isa = PBXFileReference; lastKnownFileType = sourcecode.swift; path = CoreDataManager.swift; sourceTree = "<group>"; };
		FC074C0329A90361006AD199 /* GiftData+CoreDataClass.swift */ = {isa = PBXFileReference; lastKnownFileType = sourcecode.swift; path = "GiftData+CoreDataClass.swift"; sourceTree = SOURCE_ROOT; };
		FC074C0429A90361006AD199 /* GiftData+CoreDataProperties.swift */ = {isa = PBXFileReference; lastKnownFileType = sourcecode.swift; path = "GiftData+CoreDataProperties.swift"; sourceTree = SOURCE_ROOT; };
		FC1E746E29A207DA0010A4BA /* GiftWallet.app */ = {isa = PBXFileReference; explicitFileType = wrapper.application; includeInIndex = 0; path = GiftWallet.app; sourceTree = BUILT_PRODUCTS_DIR; };
		FC1E747129A207DA0010A4BA /* AppDelegate.swift */ = {isa = PBXFileReference; lastKnownFileType = sourcecode.swift; path = AppDelegate.swift; sourceTree = "<group>"; };
		FC1E747329A207DA0010A4BA /* SceneDelegate.swift */ = {isa = PBXFileReference; lastKnownFileType = sourcecode.swift; path = SceneDelegate.swift; sourceTree = "<group>"; };
		FC1E747B29A207DA0010A4BA /* GiftWallet.xcdatamodel */ = {isa = PBXFileReference; lastKnownFileType = wrapper.xcdatamodel; path = GiftWallet.xcdatamodel; sourceTree = "<group>"; };
		FC1E747D29A207DC0010A4BA /* Assets.xcassets */ = {isa = PBXFileReference; lastKnownFileType = folder.assetcatalog; path = Assets.xcassets; sourceTree = "<group>"; };
		FC1E748029A207DC0010A4BA /* Base */ = {isa = PBXFileReference; lastKnownFileType = file.storyboard; name = Base; path = Base.lproj/LaunchScreen.storyboard; sourceTree = "<group>"; };
		FC1E748229A207DC0010A4BA /* Info.plist */ = {isa = PBXFileReference; lastKnownFileType = text.plist.xml; path = Info.plist; sourceTree = "<group>"; };
		FC62FF0F29A77B5A003E63B0 /* MainTabBarController.swift */ = {isa = PBXFileReference; lastKnownFileType = sourcecode.swift; path = MainTabBarController.swift; sourceTree = "<group>"; };
/* End PBXFileReference section */

/* Begin PBXFrameworksBuildPhase section */
		D2A282BA29A8702B002CCF5A /* Frameworks */ = {
			isa = PBXFrameworksBuildPhase;
			buildActionMask = 2147483647;
			files = (
			);
			runOnlyForDeploymentPostprocessing = 0;
		};
		FC1E746B29A207DA0010A4BA /* Frameworks */ = {
			isa = PBXFrameworksBuildPhase;
			buildActionMask = 2147483647;
			files = (
			);
			runOnlyForDeploymentPostprocessing = 0;
		};
/* End PBXFrameworksBuildPhase section */

/* Begin PBXGroup section */
		D295E4B329A5E2D700E12CAF /* UserInfoModifyView */ = {
			isa = PBXGroup;
			children = (
				D295E4B429A5E2F400E12CAF /* UserInfoModifyViewController.swift */,
				D295E4B629A5E31400E12CAF /* UserInfoModifyViewModel.swift */,
				D295E4B829A5F64200E12CAF /* FormSheetViewController.swift */,
			);
			path = UserInfoModifyView;
			sourceTree = "<group>";
		};
		D2A282BE29A8702B002CCF5A /* MainViewModelTests */ = {
			isa = PBXGroup;
			children = (
				D2A282BF29A8702B002CCF5A /* MainViewModelTests.swift */,
			);
			path = MainViewModelTests;
			sourceTree = "<group>";
		};
		D2D6B74D29A3DE6A00E6188C /* MainView */ = {
			isa = PBXGroup;
			children = (
				D2D6B74E29A3DEC900E6188C /* MainViewController.swift */,
				D2D6B75029A3DEE900E6188C /* MainViewModel.swift */,
				D2DAAA1B29A44B1600D70E8C /* MainCollectionViewCell.swift */,
				D2DAAA2429A47CD500D70E8C /* CustomCollectionView.swift */,
			);
			path = MainView;
			sourceTree = "<group>";
		};
		D2DAAA1E29A44B3200D70E8C /* Model */ = {
			isa = PBXGroup;
			children = (
				D2DAAA1F29A44B9200D70E8C /* ReusableView.swift */,
				D2A282B529A85EBC002CCF5A /* Gift.swift */,
				FC074C0229A9033B006AD199 /* CoreData */,
				D2A282B729A85EF2002CCF5A /* Observable.swift */,
			);
			path = Model;
			sourceTree = "<group>";
		};
		D2DAAA2129A471D600D70E8C /* Extension */ = {
			isa = PBXGroup;
			children = (
				D2DAAA2229A4720300D70E8C /* Ext+DateFormatter.swift */,
			);
			path = Extension;
			sourceTree = "<group>";
		};
		F6A4AB4729A5D9F1009AEB78 /* DetailView */ = {
			isa = PBXGroup;
			children = (
				F6A4AB4929A5DA1C009AEB78 /* DetailViewController.swift */,
				F6A4AB4829A5DA1C009AEB78 /* GiftImageViewController.swift */,
			);
			path = DetailView;
			sourceTree = "<group>";
		};
		FC074C0229A9033B006AD199 /* CoreData */ = {
			isa = PBXGroup;
			children = (
				FC074C0329A90361006AD199 /* GiftData+CoreDataClass.swift */,
				FC074C0429A90361006AD199 /* GiftData+CoreDataProperties.swift */,
				FC074C0029A8D5B5006AD199 /* CoreDataManager.swift */,
			);
			path = CoreData;
			sourceTree = "<group>";
		};
		FC1E746529A207DA0010A4BA = {
			isa = PBXGroup;
			children = (
				FC1E747029A207DA0010A4BA /* GiftWallet */,
				D2A282BE29A8702B002CCF5A /* MainViewModelTests */,
				FC1E746F29A207DA0010A4BA /* Products */,
			);
			sourceTree = "<group>";
		};
		FC1E746F29A207DA0010A4BA /* Products */ = {
			isa = PBXGroup;
			children = (
				FC1E746E29A207DA0010A4BA /* GiftWallet.app */,
				D2A282BD29A8702B002CCF5A /* MainViewModelTests.xctest */,
			);
			name = Products;
			sourceTree = "<group>";
		};
		FC1E747029A207DA0010A4BA /* GiftWallet */ = {
			isa = PBXGroup;
			children = (
				FC62FF1129A77B77003E63B0 /* MainTabbarController */,
				D295E4B329A5E2D700E12CAF /* UserInfoModifyView */,
				D2D6B74D29A3DE6A00E6188C /* MainView */,
				F6A4AB4729A5D9F1009AEB78 /* DetailView */,
				D2DAAA1E29A44B3200D70E8C /* Model */,
				D2DAAA2129A471D600D70E8C /* Extension */,
				FC1E747D29A207DC0010A4BA /* Assets.xcassets */,
				FC1E747F29A207DC0010A4BA /* LaunchScreen.storyboard */,
				FC1E747129A207DA0010A4BA /* AppDelegate.swift */,
				FC1E747329A207DA0010A4BA /* SceneDelegate.swift */,
				FC1E748229A207DC0010A4BA /* Info.plist */,
				FC1E747A29A207DA0010A4BA /* GiftWallet.xcdatamodeld */,
			);
			path = GiftWallet;
			sourceTree = "<group>";
		};
		FC62FF1129A77B77003E63B0 /* MainTabbarController */ = {
			isa = PBXGroup;
			children = (
				FC62FF0F29A77B5A003E63B0 /* MainTabBarController.swift */,
			);
			path = MainTabbarController;
			sourceTree = "<group>";
		};
/* End PBXGroup section */

/* Begin PBXNativeTarget section */
		D2A282BC29A8702B002CCF5A /* MainViewModelTests */ = {
			isa = PBXNativeTarget;
			buildConfigurationList = D2A282C329A8702B002CCF5A /* Build configuration list for PBXNativeTarget "MainViewModelTests" */;
			buildPhases = (
				D2A282B929A8702B002CCF5A /* Sources */,
				D2A282BA29A8702B002CCF5A /* Frameworks */,
				D2A282BB29A8702B002CCF5A /* Resources */,
			);
			buildRules = (
			);
			dependencies = (
				D2A282C229A8702B002CCF5A /* PBXTargetDependency */,
			);
			name = MainViewModelTests;
			productName = MainViewModelTests;
			productReference = D2A282BD29A8702B002CCF5A /* MainViewModelTests.xctest */;
			productType = "com.apple.product-type.bundle.unit-test";
		};
		FC1E746D29A207DA0010A4BA /* GiftWallet */ = {
			isa = PBXNativeTarget;
			buildConfigurationList = FC1E748529A207DC0010A4BA /* Build configuration list for PBXNativeTarget "GiftWallet" */;
			buildPhases = (
				FC1E746A29A207DA0010A4BA /* Sources */,
				FC1E746B29A207DA0010A4BA /* Frameworks */,
				FC1E746C29A207DA0010A4BA /* Resources */,
			);
			buildRules = (
			);
			dependencies = (
			);
			name = GiftWallet;
			productName = GiftWallet;
			productReference = FC1E746E29A207DA0010A4BA /* GiftWallet.app */;
			productType = "com.apple.product-type.application";
		};
/* End PBXNativeTarget section */

/* Begin PBXProject section */
		FC1E746629A207DA0010A4BA /* Project object */ = {
			isa = PBXProject;
			attributes = {
				BuildIndependentTargetsInParallel = 1;
				LastSwiftUpdateCheck = 1420;
				LastUpgradeCheck = 1420;
				TargetAttributes = {
					D2A282BC29A8702B002CCF5A = {
						CreatedOnToolsVersion = 14.2;
						TestTargetID = FC1E746D29A207DA0010A4BA;
					};
					FC1E746D29A207DA0010A4BA = {
						CreatedOnToolsVersion = 14.2;
					};
				};
			};
			buildConfigurationList = FC1E746929A207DA0010A4BA /* Build configuration list for PBXProject "GiftWallet" */;
			compatibilityVersion = "Xcode 14.0";
			developmentRegion = en;
			hasScannedForEncodings = 0;
			knownRegions = (
				en,
				Base,
			);
			mainGroup = FC1E746529A207DA0010A4BA;
			productRefGroup = FC1E746F29A207DA0010A4BA /* Products */;
			projectDirPath = "";
			projectRoot = "";
			targets = (
				FC1E746D29A207DA0010A4BA /* GiftWallet */,
				D2A282BC29A8702B002CCF5A /* MainViewModelTests */,
			);
		};
/* End PBXProject section */

/* Begin PBXResourcesBuildPhase section */
		D2A282BB29A8702B002CCF5A /* Resources */ = {
			isa = PBXResourcesBuildPhase;
			buildActionMask = 2147483647;
			files = (
			);
			runOnlyForDeploymentPostprocessing = 0;
		};
		FC1E746C29A207DA0010A4BA /* Resources */ = {
			isa = PBXResourcesBuildPhase;
			buildActionMask = 2147483647;
			files = (
				FC1E748129A207DC0010A4BA /* LaunchScreen.storyboard in Resources */,
				FC1E747E29A207DC0010A4BA /* Assets.xcassets in Resources */,
			);
			runOnlyForDeploymentPostprocessing = 0;
		};
/* End PBXResourcesBuildPhase section */

/* Begin PBXSourcesBuildPhase section */
		D2A282B929A8702B002CCF5A /* Sources */ = {
			isa = PBXSourcesBuildPhase;
			buildActionMask = 2147483647;
			files = (
				D2A282C029A8702B002CCF5A /* MainViewModelTests.swift in Sources */,
			);
			runOnlyForDeploymentPostprocessing = 0;
		};
		FC1E746A29A207DA0010A4BA /* Sources */ = {
			isa = PBXSourcesBuildPhase;
			buildActionMask = 2147483647;
			files = (
				D2A282B829A85EF2002CCF5A /* Observable.swift in Sources */,
				D295E4B929A5F64200E12CAF /* FormSheetViewController.swift in Sources */,
				D2DAAA2329A4720300D70E8C /* Ext+DateFormatter.swift in Sources */,
				FC62FF1029A77B5A003E63B0 /* MainTabBarController.swift in Sources */,
				D2DAAA1C29A44B1600D70E8C /* MainCollectionViewCell.swift in Sources */,
				FC074C0629A90361006AD199 /* GiftData+CoreDataProperties.swift in Sources */,
				FC1E747229A207DA0010A4BA /* AppDelegate.swift in Sources */,
				FC074C0129A8D5B5006AD199 /* CoreDataManager.swift in Sources */,
				FC074C0529A90361006AD199 /* GiftData+CoreDataClass.swift in Sources */,
				F6A4AB4A29A5DA1C009AEB78 /* GiftImageViewController.swift in Sources */,
				D2DAAA2029A44B9200D70E8C /* ReusableView.swift in Sources */,
				D2A282B629A85EBC002CCF5A /* Gift.swift in Sources */,
				D2DAAA2529A47CD500D70E8C /* CustomCollectionView.swift in Sources */,
				D295E4B729A5E31400E12CAF /* UserInfoModifyViewModel.swift in Sources */,
				FC1E747C29A207DA0010A4BA /* GiftWallet.xcdatamodeld in Sources */,
				D295E4B529A5E2F400E12CAF /* UserInfoModifyViewController.swift in Sources */,
				FC1E747429A207DA0010A4BA /* SceneDelegate.swift in Sources */,
				D2D6B74F29A3DEC900E6188C /* MainViewController.swift in Sources */,
				D2D6B75129A3DEE900E6188C /* MainViewModel.swift in Sources */,
				F6A4AB4B29A5DA1C009AEB78 /* DetailViewController.swift in Sources */,
			);
			runOnlyForDeploymentPostprocessing = 0;
		};
/* End PBXSourcesBuildPhase section */

/* Begin PBXTargetDependency section */
		D2A282C229A8702B002CCF5A /* PBXTargetDependency */ = {
			isa = PBXTargetDependency;
			target = FC1E746D29A207DA0010A4BA /* GiftWallet */;
			targetProxy = D2A282C129A8702B002CCF5A /* PBXContainerItemProxy */;
		};
/* End PBXTargetDependency section */

/* Begin PBXVariantGroup section */
		FC1E747F29A207DC0010A4BA /* LaunchScreen.storyboard */ = {
			isa = PBXVariantGroup;
			children = (
				FC1E748029A207DC0010A4BA /* Base */,
			);
			name = LaunchScreen.storyboard;
			sourceTree = "<group>";
		};
/* End PBXVariantGroup section */

/* Begin XCBuildConfiguration section */
		D2A282C429A8702B002CCF5A /* Debug */ = {
			isa = XCBuildConfiguration;
			buildSettings = {
				BUNDLE_LOADER = "$(TEST_HOST)";
				CODE_SIGN_STYLE = Automatic;
				CURRENT_PROJECT_VERSION = 1;
				GENERATE_INFOPLIST_FILE = YES;
				IPHONEOS_DEPLOYMENT_TARGET = 16.2;
				MACOSX_DEPLOYMENT_TARGET = 13.0;
				MARKETING_VERSION = 1.0;
				PRODUCT_BUNDLE_IDENTIFIER = asdf.MainViewModelTests;
				PRODUCT_NAME = "$(TARGET_NAME)";
				SDKROOT = auto;
				SUPPORTED_PLATFORMS = "iphoneos iphonesimulator macosx";
				SWIFT_EMIT_LOC_STRINGS = NO;
				SWIFT_VERSION = 5.0;
				TARGETED_DEVICE_FAMILY = "1,2";
				TEST_HOST = "$(BUILT_PRODUCTS_DIR)/GiftWallet.app/$(BUNDLE_EXECUTABLE_FOLDER_PATH)/GiftWallet";
			};
			name = Debug;
		};
		D2A282C529A8702B002CCF5A /* Release */ = {
			isa = XCBuildConfiguration;
			buildSettings = {
				BUNDLE_LOADER = "$(TEST_HOST)";
				CODE_SIGN_STYLE = Automatic;
				CURRENT_PROJECT_VERSION = 1;
				GENERATE_INFOPLIST_FILE = YES;
				IPHONEOS_DEPLOYMENT_TARGET = 16.2;
				MACOSX_DEPLOYMENT_TARGET = 13.0;
				MARKETING_VERSION = 1.0;
				PRODUCT_BUNDLE_IDENTIFIER = asdf.MainViewModelTests;
				PRODUCT_NAME = "$(TARGET_NAME)";
				SDKROOT = auto;
				SUPPORTED_PLATFORMS = "iphoneos iphonesimulator macosx";
				SWIFT_EMIT_LOC_STRINGS = NO;
				SWIFT_VERSION = 5.0;
				TARGETED_DEVICE_FAMILY = "1,2";
				TEST_HOST = "$(BUILT_PRODUCTS_DIR)/GiftWallet.app/$(BUNDLE_EXECUTABLE_FOLDER_PATH)/GiftWallet";
			};
			name = Release;
		};
		FC1E748329A207DC0010A4BA /* Debug */ = {
			isa = XCBuildConfiguration;
			buildSettings = {
				ALWAYS_SEARCH_USER_PATHS = NO;
				CLANG_ANALYZER_NONNULL = YES;
				CLANG_ANALYZER_NUMBER_OBJECT_CONVERSION = YES_AGGRESSIVE;
				CLANG_CXX_LANGUAGE_STANDARD = "gnu++20";
				CLANG_ENABLE_MODULES = YES;
				CLANG_ENABLE_OBJC_ARC = YES;
				CLANG_ENABLE_OBJC_WEAK = YES;
				CLANG_WARN_BLOCK_CAPTURE_AUTORELEASING = YES;
				CLANG_WARN_BOOL_CONVERSION = YES;
				CLANG_WARN_COMMA = YES;
				CLANG_WARN_CONSTANT_CONVERSION = YES;
				CLANG_WARN_DEPRECATED_OBJC_IMPLEMENTATIONS = YES;
				CLANG_WARN_DIRECT_OBJC_ISA_USAGE = YES_ERROR;
				CLANG_WARN_DOCUMENTATION_COMMENTS = YES;
				CLANG_WARN_EMPTY_BODY = YES;
				CLANG_WARN_ENUM_CONVERSION = YES;
				CLANG_WARN_INFINITE_RECURSION = YES;
				CLANG_WARN_INT_CONVERSION = YES;
				CLANG_WARN_NON_LITERAL_NULL_CONVERSION = YES;
				CLANG_WARN_OBJC_IMPLICIT_RETAIN_SELF = YES;
				CLANG_WARN_OBJC_LITERAL_CONVERSION = YES;
				CLANG_WARN_OBJC_ROOT_CLASS = YES_ERROR;
				CLANG_WARN_QUOTED_INCLUDE_IN_FRAMEWORK_HEADER = YES;
				CLANG_WARN_RANGE_LOOP_ANALYSIS = YES;
				CLANG_WARN_STRICT_PROTOTYPES = YES;
				CLANG_WARN_SUSPICIOUS_MOVE = YES;
				CLANG_WARN_UNGUARDED_AVAILABILITY = YES_AGGRESSIVE;
				CLANG_WARN_UNREACHABLE_CODE = YES;
				CLANG_WARN__DUPLICATE_METHOD_MATCH = YES;
				COPY_PHASE_STRIP = NO;
				DEBUG_INFORMATION_FORMAT = dwarf;
				ENABLE_STRICT_OBJC_MSGSEND = YES;
				ENABLE_TESTABILITY = YES;
				GCC_C_LANGUAGE_STANDARD = gnu11;
				GCC_DYNAMIC_NO_PIC = NO;
				GCC_NO_COMMON_BLOCKS = YES;
				GCC_OPTIMIZATION_LEVEL = 0;
				GCC_PREPROCESSOR_DEFINITIONS = (
					"DEBUG=1",
					"$(inherited)",
				);
				GCC_WARN_64_TO_32_BIT_CONVERSION = YES;
				GCC_WARN_ABOUT_RETURN_TYPE = YES_ERROR;
				GCC_WARN_UNDECLARED_SELECTOR = YES;
				GCC_WARN_UNINITIALIZED_AUTOS = YES_AGGRESSIVE;
				GCC_WARN_UNUSED_FUNCTION = YES;
				GCC_WARN_UNUSED_VARIABLE = YES;
				IPHONEOS_DEPLOYMENT_TARGET = 14.0;
				MTL_ENABLE_DEBUG_INFO = INCLUDE_SOURCE;
				MTL_FAST_MATH = YES;
				ONLY_ACTIVE_ARCH = YES;
				SDKROOT = iphoneos;
				SWIFT_ACTIVE_COMPILATION_CONDITIONS = DEBUG;
				SWIFT_OPTIMIZATION_LEVEL = "-Onone";
			};
			name = Debug;
		};
		FC1E748429A207DC0010A4BA /* Release */ = {
			isa = XCBuildConfiguration;
			buildSettings = {
				ALWAYS_SEARCH_USER_PATHS = NO;
				CLANG_ANALYZER_NONNULL = YES;
				CLANG_ANALYZER_NUMBER_OBJECT_CONVERSION = YES_AGGRESSIVE;
				CLANG_CXX_LANGUAGE_STANDARD = "gnu++20";
				CLANG_ENABLE_MODULES = YES;
				CLANG_ENABLE_OBJC_ARC = YES;
				CLANG_ENABLE_OBJC_WEAK = YES;
				CLANG_WARN_BLOCK_CAPTURE_AUTORELEASING = YES;
				CLANG_WARN_BOOL_CONVERSION = YES;
				CLANG_WARN_COMMA = YES;
				CLANG_WARN_CONSTANT_CONVERSION = YES;
				CLANG_WARN_DEPRECATED_OBJC_IMPLEMENTATIONS = YES;
				CLANG_WARN_DIRECT_OBJC_ISA_USAGE = YES_ERROR;
				CLANG_WARN_DOCUMENTATION_COMMENTS = YES;
				CLANG_WARN_EMPTY_BODY = YES;
				CLANG_WARN_ENUM_CONVERSION = YES;
				CLANG_WARN_INFINITE_RECURSION = YES;
				CLANG_WARN_INT_CONVERSION = YES;
				CLANG_WARN_NON_LITERAL_NULL_CONVERSION = YES;
				CLANG_WARN_OBJC_IMPLICIT_RETAIN_SELF = YES;
				CLANG_WARN_OBJC_LITERAL_CONVERSION = YES;
				CLANG_WARN_OBJC_ROOT_CLASS = YES_ERROR;
				CLANG_WARN_QUOTED_INCLUDE_IN_FRAMEWORK_HEADER = YES;
				CLANG_WARN_RANGE_LOOP_ANALYSIS = YES;
				CLANG_WARN_STRICT_PROTOTYPES = YES;
				CLANG_WARN_SUSPICIOUS_MOVE = YES;
				CLANG_WARN_UNGUARDED_AVAILABILITY = YES_AGGRESSIVE;
				CLANG_WARN_UNREACHABLE_CODE = YES;
				CLANG_WARN__DUPLICATE_METHOD_MATCH = YES;
				COPY_PHASE_STRIP = NO;
				DEBUG_INFORMATION_FORMAT = "dwarf-with-dsym";
				ENABLE_NS_ASSERTIONS = NO;
				ENABLE_STRICT_OBJC_MSGSEND = YES;
				GCC_C_LANGUAGE_STANDARD = gnu11;
				GCC_NO_COMMON_BLOCKS = YES;
				GCC_WARN_64_TO_32_BIT_CONVERSION = YES;
				GCC_WARN_ABOUT_RETURN_TYPE = YES_ERROR;
				GCC_WARN_UNDECLARED_SELECTOR = YES;
				GCC_WARN_UNINITIALIZED_AUTOS = YES_AGGRESSIVE;
				GCC_WARN_UNUSED_FUNCTION = YES;
				GCC_WARN_UNUSED_VARIABLE = YES;
				IPHONEOS_DEPLOYMENT_TARGET = 14.0;
				MTL_ENABLE_DEBUG_INFO = NO;
				MTL_FAST_MATH = YES;
				SDKROOT = iphoneos;
				SWIFT_COMPILATION_MODE = wholemodule;
				SWIFT_OPTIMIZATION_LEVEL = "-O";
				VALIDATE_PRODUCT = YES;
			};
			name = Release;
		};
		FC1E748629A207DC0010A4BA /* Debug */ = {
			isa = XCBuildConfiguration;
			buildSettings = {
				ASSETCATALOG_COMPILER_APPICON_NAME = AppIcon;
				ASSETCATALOG_COMPILER_GLOBAL_ACCENT_COLOR_NAME = AccentColor;
				CODE_SIGN_STYLE = Automatic;
				CURRENT_PROJECT_VERSION = 1;
				GENERATE_INFOPLIST_FILE = YES;
				INFOPLIST_FILE = GiftWallet/Info.plist;
				INFOPLIST_KEY_UIApplicationSupportsIndirectInputEvents = YES;
				INFOPLIST_KEY_UILaunchStoryboardName = LaunchScreen;
				INFOPLIST_KEY_UISupportedInterfaceOrientations = UIInterfaceOrientationPortrait;
				IPHONEOS_DEPLOYMENT_TARGET = 14.0;
				LD_RUNPATH_SEARCH_PATHS = (
					"$(inherited)",
					"@executable_path/Frameworks",
				);
				MARKETING_VERSION = 1.0;
				PRODUCT_BUNDLE_IDENTIFIER = wb.GiftWallet;
				PRODUCT_NAME = "$(TARGET_NAME)";
				SWIFT_EMIT_LOC_STRINGS = YES;
				SWIFT_VERSION = 5.0;
				TARGETED_DEVICE_FAMILY = "1,2";
			};
			name = Debug;
		};
		FC1E748729A207DC0010A4BA /* Release */ = {
			isa = XCBuildConfiguration;
			buildSettings = {
				ASSETCATALOG_COMPILER_APPICON_NAME = AppIcon;
				ASSETCATALOG_COMPILER_GLOBAL_ACCENT_COLOR_NAME = AccentColor;
				CODE_SIGN_STYLE = Automatic;
				CURRENT_PROJECT_VERSION = 1;
				GENERATE_INFOPLIST_FILE = YES;
				INFOPLIST_FILE = GiftWallet/Info.plist;
				INFOPLIST_KEY_UIApplicationSupportsIndirectInputEvents = YES;
				INFOPLIST_KEY_UILaunchStoryboardName = LaunchScreen;
				INFOPLIST_KEY_UISupportedInterfaceOrientations = UIInterfaceOrientationPortrait;
				IPHONEOS_DEPLOYMENT_TARGET = 14.0;
				LD_RUNPATH_SEARCH_PATHS = (
					"$(inherited)",
					"@executable_path/Frameworks",
				);
				MARKETING_VERSION = 1.0;
				PRODUCT_BUNDLE_IDENTIFIER = wb.GiftWallet;
				PRODUCT_NAME = "$(TARGET_NAME)";
				SWIFT_EMIT_LOC_STRINGS = YES;
				SWIFT_VERSION = 5.0;
				TARGETED_DEVICE_FAMILY = "1,2";
			};
			name = Release;
		};
/* End XCBuildConfiguration section */

/* Begin XCConfigurationList section */
		D2A282C329A8702B002CCF5A /* Build configuration list for PBXNativeTarget "MainViewModelTests" */ = {
			isa = XCConfigurationList;
			buildConfigurations = (
				D2A282C429A8702B002CCF5A /* Debug */,
				D2A282C529A8702B002CCF5A /* Release */,
			);
			defaultConfigurationIsVisible = 0;
			defaultConfigurationName = Release;
		};
		FC1E746929A207DA0010A4BA /* Build configuration list for PBXProject "GiftWallet" */ = {
			isa = XCConfigurationList;
			buildConfigurations = (
				FC1E748329A207DC0010A4BA /* Debug */,
				FC1E748429A207DC0010A4BA /* Release */,
			);
			defaultConfigurationIsVisible = 0;
			defaultConfigurationName = Release;
		};
		FC1E748529A207DC0010A4BA /* Build configuration list for PBXNativeTarget "GiftWallet" */ = {
			isa = XCConfigurationList;
			buildConfigurations = (
				FC1E748629A207DC0010A4BA /* Debug */,
				FC1E748729A207DC0010A4BA /* Release */,
			);
			defaultConfigurationIsVisible = 0;
			defaultConfigurationName = Release;
		};
/* End XCConfigurationList section */

/* Begin XCVersionGroup section */
		FC1E747A29A207DA0010A4BA /* GiftWallet.xcdatamodeld */ = {
			isa = XCVersionGroup;
			children = (
				FC1E747B29A207DA0010A4BA /* GiftWallet.xcdatamodel */,
			);
			currentVersion = FC1E747B29A207DA0010A4BA /* GiftWallet.xcdatamodel */;
			path = GiftWallet.xcdatamodeld;
			sourceTree = "<group>";
			versionGroupType = wrapper.xcdatamodel;
		};
/* End XCVersionGroup section */
	};
	rootObject = FC1E746629A207DA0010A4BA /* Project object */;
}
